lockfileVersion: '9.0'

settings:
  autoInstallPeers: true
  excludeLinksFromLockfile: false

importers:

  .: {}

  interfaces/rest-api: {}

  modules/app:
    dependencies:
      '@snyggt/pokemon-battle-domain':
        specifier: workspace:*
        version: link:../domain

  modules/domain: {}

  modules/infra:
    dependencies:
      '@snyggt/pokemon-battle-app':
        specifier: workspace:*
        version: link:../app
      '@snyggt/pokemon-battle-domain':
        specifier: workspace:*
        version: link:../domain
